PODS:
  - boost-for-react-native (1.63.0)
  - CocoaAsyncSocket (7.6.5)
  - DoubleConversion (1.1.6)
  - FBLazyVector (0.64.1)
  - FBReactNativeSpec (0.64.1):
    - RCT-Folly (= 2020.01.13.00)
    - RCTRequired (= 0.64.1)
    - RCTTypeSafety (= 0.64.1)
    - React-Core (= 0.64.1)
    - React-jsi (= 0.64.1)
    - ReactCommon/turbomodule/core (= 0.64.1)
  - Flipper (0.87.0):
    - Flipper-Folly (~> 2.5)
    - Flipper-RSocket (~> 1.3)
  - Flipper-DoubleConversion (1.1.7)
  - Flipper-Folly (2.5.3):
    - boost-for-react-native
    - Flipper-DoubleConversion
    - Flipper-Glog
    - libevent (~> 2.1.12)
    - OpenSSL-Universal (= 1.1.180)
  - Flipper-Glog (0.3.6)
  - Flipper-PeerTalk (0.0.4)
  - Flipper-RSocket (1.3.1):
    - Flipper-Folly (~> 2.5)
  - FlipperKit (0.87.0):
    - FlipperKit/Core (= 0.87.0)
  - FlipperKit/Core (0.87.0):
    - Flipper (~> 0.87.0)
    - FlipperKit/CppBridge
    - FlipperKit/FBCxxFollyDynamicConvert
    - FlipperKit/FBDefines
    - FlipperKit/FKPortForwarding
  - FlipperKit/CppBridge (0.87.0):
    - Flipper (~> 0.87.0)
  - FlipperKit/FBCxxFollyDynamicConvert (0.87.0):
    - Flipper-Folly (~> 2.5)
  - FlipperKit/FBDefines (0.87.0)
  - FlipperKit/FKPortForwarding (0.87.0):
    - CocoaAsyncSocket (~> 7.6)
    - Flipper-PeerTalk (~> 0.0.4)
  - FlipperKit/FlipperKitHighlightOverlay (0.87.0)
  - FlipperKit/FlipperKitLayoutHelpers (0.87.0):
    - FlipperKit/Core
    - FlipperKit/FlipperKitHighlightOverlay
    - FlipperKit/FlipperKitLayoutTextSearchable
  - FlipperKit/FlipperKitLayoutIOSDescriptors (0.87.0):
    - FlipperKit/Core
    - FlipperKit/FlipperKitHighlightOverlay
    - FlipperKit/FlipperKitLayoutHelpers
    - YogaKit (~> 1.18)
  - FlipperKit/FlipperKitLayoutPlugin (0.87.0):
    - FlipperKit/Core
    - FlipperKit/FlipperKitHighlightOverlay
    - FlipperKit/FlipperKitLayoutHelpers
    - FlipperKit/FlipperKitLayoutIOSDescriptors
    - FlipperKit/FlipperKitLayoutTextSearchable
    - YogaKit (~> 1.18)
  - FlipperKit/FlipperKitLayoutTextSearchable (0.87.0)
  - FlipperKit/FlipperKitNetworkPlugin (0.87.0):
    - FlipperKit/Core
  - FlipperKit/FlipperKitReactPlugin (0.87.0):
    - FlipperKit/Core
  - FlipperKit/FlipperKitUserDefaultsPlugin (0.87.0):
    - FlipperKit/Core
  - FlipperKit/SKIOSNetworkPlugin (0.87.0):
    - FlipperKit/Core
    - FlipperKit/FlipperKitNetworkPlugin
  - glog (0.3.5)
  - hermes-engine (0.7.2)
  - libevent (2.1.12)
  - NextLevelSessionExporter (0.4.6)
  - OpenSSL-Universal (1.1.180)
  - RCT-Folly (2020.01.13.00):
    - boost-for-react-native
    - DoubleConversion
    - glog
    - RCT-Folly/Default (= 2020.01.13.00)
  - RCT-Folly/Default (2020.01.13.00):
    - boost-for-react-native
    - DoubleConversion
    - glog
  - RCT-Folly/Futures (2020.01.13.00):
    - boost-for-react-native
    - DoubleConversion
    - glog
    - libevent
  - RCTRequired (0.64.1)
  - RCTTypeSafety (0.64.1):
    - FBLazyVector (= 0.64.1)
    - RCT-Folly (= 2020.01.13.00)
    - RCTRequired (= 0.64.1)
    - React-Core (= 0.64.1)
  - React (0.64.1):
    - React-Core (= 0.64.1)
    - React-Core/DevSupport (= 0.64.1)
    - React-Core/RCTWebSocket (= 0.64.1)
    - React-RCTActionSheet (= 0.64.1)
    - React-RCTAnimation (= 0.64.1)
    - React-RCTBlob (= 0.64.1)
    - React-RCTImage (= 0.64.1)
    - React-RCTLinking (= 0.64.1)
    - React-RCTNetwork (= 0.64.1)
    - React-RCTSettings (= 0.64.1)
    - React-RCTText (= 0.64.1)
    - React-RCTVibration (= 0.64.1)
  - React-callinvoker (0.64.1)
  - React-Core (0.64.1):
    - glog
    - RCT-Folly (= 2020.01.13.00)
    - React-Core/Default (= 0.64.1)
    - React-cxxreact (= 0.64.1)
    - React-jsi (= 0.64.1)
    - React-jsiexecutor (= 0.64.1)
    - React-perflogger (= 0.64.1)
    - Yoga
  - React-Core/CoreModulesHeaders (0.64.1):
    - glog
    - RCT-Folly (= 2020.01.13.00)
    - React-Core/Default
    - React-cxxreact (= 0.64.1)
    - React-jsi (= 0.64.1)
    - React-jsiexecutor (= 0.64.1)
    - React-perflogger (= 0.64.1)
    - Yoga
  - React-Core/Default (0.64.1):
    - glog
    - RCT-Folly (= 2020.01.13.00)
    - React-cxxreact (= 0.64.1)
    - React-jsi (= 0.64.1)
    - React-jsiexecutor (= 0.64.1)
    - React-perflogger (= 0.64.1)
    - Yoga
  - React-Core/DevSupport (0.64.1):
    - glog
    - RCT-Folly (= 2020.01.13.00)
    - React-Core/Default (= 0.64.1)
    - React-Core/RCTWebSocket (= 0.64.1)
    - React-cxxreact (= 0.64.1)
    - React-jsi (= 0.64.1)
    - React-jsiexecutor (= 0.64.1)
    - React-jsinspector (= 0.64.1)
    - React-perflogger (= 0.64.1)
    - Yoga
  - React-Core/Hermes (0.64.1):
    - glog
    - hermes-engine
    - RCT-Folly (= 2020.01.13.00)
    - RCT-Folly/Futures
    - React-cxxreact (= 0.64.1)
    - React-jsi (= 0.64.1)
    - React-jsiexecutor (= 0.64.1)
    - React-perflogger (= 0.64.1)
    - Yoga
  - React-Core/RCTActionSheetHeaders (0.64.1):
    - glog
    - RCT-Folly (= 2020.01.13.00)
    - React-Core/Default
    - React-cxxreact (= 0.64.1)
    - React-jsi (= 0.64.1)
    - React-jsiexecutor (= 0.64.1)
    - React-perflogger (= 0.64.1)
    - Yoga
  - React-Core/RCTAnimationHeaders (0.64.1):
    - glog
    - RCT-Folly (= 2020.01.13.00)
    - React-Core/Default
    - React-cxxreact (= 0.64.1)
    - React-jsi (= 0.64.1)
    - React-jsiexecutor (= 0.64.1)
    - React-perflogger (= 0.64.1)
    - Yoga
  - React-Core/RCTBlobHeaders (0.64.1):
    - glog
    - RCT-Folly (= 2020.01.13.00)
    - React-Core/Default
    - React-cxxreact (= 0.64.1)
    - React-jsi (= 0.64.1)
    - React-jsiexecutor (= 0.64.1)
    - React-perflogger (= 0.64.1)
    - Yoga
  - React-Core/RCTImageHeaders (0.64.1):
    - glog
    - RCT-Folly (= 2020.01.13.00)
    - React-Core/Default
    - React-cxxreact (= 0.64.1)
    - React-jsi (= 0.64.1)
    - React-jsiexecutor (= 0.64.1)
    - React-perflogger (= 0.64.1)
    - Yoga
  - React-Core/RCTLinkingHeaders (0.64.1):
    - glog
    - RCT-Folly (= 2020.01.13.00)
    - React-Core/Default
    - React-cxxreact (= 0.64.1)
    - React-jsi (= 0.64.1)
    - React-jsiexecutor (= 0.64.1)
    - React-perflogger (= 0.64.1)
    - Yoga
  - React-Core/RCTNetworkHeaders (0.64.1):
    - glog
    - RCT-Folly (= 2020.01.13.00)
    - React-Core/Default
    - React-cxxreact (= 0.64.1)
    - React-jsi (= 0.64.1)
    - React-jsiexecutor (= 0.64.1)
    - React-perflogger (= 0.64.1)
    - Yoga
  - React-Core/RCTSettingsHeaders (0.64.1):
    - glog
    - RCT-Folly (= 2020.01.13.00)
    - React-Core/Default
    - React-cxxreact (= 0.64.1)
    - React-jsi (= 0.64.1)
    - React-jsiexecutor (= 0.64.1)
    - React-perflogger (= 0.64.1)
    - Yoga
  - React-Core/RCTTextHeaders (0.64.1):
    - glog
    - RCT-Folly (= 2020.01.13.00)
    - React-Core/Default
    - React-cxxreact (= 0.64.1)
    - React-jsi (= 0.64.1)
    - React-jsiexecutor (= 0.64.1)
    - React-perflogger (= 0.64.1)
    - Yoga
  - React-Core/RCTVibrationHeaders (0.64.1):
    - glog
    - RCT-Folly (= 2020.01.13.00)
    - React-Core/Default
    - React-cxxreact (= 0.64.1)
    - React-jsi (= 0.64.1)
    - React-jsiexecutor (= 0.64.1)
    - React-perflogger (= 0.64.1)
    - Yoga
  - React-Core/RCTWebSocket (0.64.1):
    - glog
    - RCT-Folly (= 2020.01.13.00)
    - React-Core/Default (= 0.64.1)
    - React-cxxreact (= 0.64.1)
    - React-jsi (= 0.64.1)
    - React-jsiexecutor (= 0.64.1)
    - React-perflogger (= 0.64.1)
    - Yoga
  - React-CoreModules (0.64.1):
    - FBReactNativeSpec (= 0.64.1)
    - RCT-Folly (= 2020.01.13.00)
    - RCTTypeSafety (= 0.64.1)
    - React-Core/CoreModulesHeaders (= 0.64.1)
    - React-jsi (= 0.64.1)
    - React-RCTImage (= 0.64.1)
    - ReactCommon/turbomodule/core (= 0.64.1)
  - React-cxxreact (0.64.1):
    - boost-for-react-native (= 1.63.0)
    - DoubleConversion
    - glog
    - RCT-Folly (= 2020.01.13.00)
    - React-callinvoker (= 0.64.1)
    - React-jsi (= 0.64.1)
    - React-jsinspector (= 0.64.1)
    - React-perflogger (= 0.64.1)
    - React-runtimeexecutor (= 0.64.1)
  - React-jsi (0.64.1):
    - boost-for-react-native (= 1.63.0)
    - DoubleConversion
    - glog
    - RCT-Folly (= 2020.01.13.00)
    - React-jsi/Default (= 0.64.1)
  - React-jsi/Default (0.64.1):
    - boost-for-react-native (= 1.63.0)
    - DoubleConversion
    - glog
    - RCT-Folly (= 2020.01.13.00)
  - React-jsiexecutor (0.64.1):
    - DoubleConversion
    - glog
    - RCT-Folly (= 2020.01.13.00)
    - React-cxxreact (= 0.64.1)
    - React-jsi (= 0.64.1)
    - React-perflogger (= 0.64.1)
  - React-jsinspector (0.64.1)
  - react-native-background-upload (6.2.4):
    - React
<<<<<<< HEAD
<<<<<<< HEAD
<<<<<<< HEAD
  - react-native-compressor (0.5.4):
=======
  - react-native-compressor (1.0.3):
>>>>>>> e12330f... feat: add minimumFileSizeForCompress for customize minimum video file to compress
=======
  - react-native-compressor (1.1.0):
>>>>>>> aec9e45... fix: measuredBitRate divided by zero crash. fixed #49
=======
  - react-native-compressor (1.0.2):
>>>>>>> bfc3da3... fix: getRandomValues error due to uuid
    - NextLevelSessionExporter
    - React-Core
  - react-native-create-thumbnail (1.4.1):
    - React
  - react-native-document-picker (5.0.4):
    - React-Core
<<<<<<< HEAD
  - react-native-image-picker (4.0.3):
=======
  - react-native-get-random-values (1.7.1):
    - React-Core
  - react-native-image-picker (4.1.2):
>>>>>>> e12330f... feat: add minimumFileSizeForCompress for customize minimum video file to compress
    - React-Core
  - react-native-safe-area-context (3.2.0):
    - React-Core
  - React-perflogger (0.64.1)
  - React-RCTActionSheet (0.64.1):
    - React-Core/RCTActionSheetHeaders (= 0.64.1)
  - React-RCTAnimation (0.64.1):
    - FBReactNativeSpec (= 0.64.1)
    - RCT-Folly (= 2020.01.13.00)
    - RCTTypeSafety (= 0.64.1)
    - React-Core/RCTAnimationHeaders (= 0.64.1)
    - React-jsi (= 0.64.1)
    - ReactCommon/turbomodule/core (= 0.64.1)
  - React-RCTBlob (0.64.1):
    - FBReactNativeSpec (= 0.64.1)
    - RCT-Folly (= 2020.01.13.00)
    - React-Core/RCTBlobHeaders (= 0.64.1)
    - React-Core/RCTWebSocket (= 0.64.1)
    - React-jsi (= 0.64.1)
    - React-RCTNetwork (= 0.64.1)
    - ReactCommon/turbomodule/core (= 0.64.1)
  - React-RCTImage (0.64.1):
    - FBReactNativeSpec (= 0.64.1)
    - RCT-Folly (= 2020.01.13.00)
    - RCTTypeSafety (= 0.64.1)
    - React-Core/RCTImageHeaders (= 0.64.1)
    - React-jsi (= 0.64.1)
    - React-RCTNetwork (= 0.64.1)
    - ReactCommon/turbomodule/core (= 0.64.1)
  - React-RCTLinking (0.64.1):
    - FBReactNativeSpec (= 0.64.1)
    - React-Core/RCTLinkingHeaders (= 0.64.1)
    - React-jsi (= 0.64.1)
    - ReactCommon/turbomodule/core (= 0.64.1)
  - React-RCTNetwork (0.64.1):
    - FBReactNativeSpec (= 0.64.1)
    - RCT-Folly (= 2020.01.13.00)
    - RCTTypeSafety (= 0.64.1)
    - React-Core/RCTNetworkHeaders (= 0.64.1)
    - React-jsi (= 0.64.1)
    - ReactCommon/turbomodule/core (= 0.64.1)
  - React-RCTSettings (0.64.1):
    - FBReactNativeSpec (= 0.64.1)
    - RCT-Folly (= 2020.01.13.00)
    - RCTTypeSafety (= 0.64.1)
    - React-Core/RCTSettingsHeaders (= 0.64.1)
    - React-jsi (= 0.64.1)
    - ReactCommon/turbomodule/core (= 0.64.1)
  - React-RCTText (0.64.1):
    - React-Core/RCTTextHeaders (= 0.64.1)
  - React-RCTVibration (0.64.1):
    - FBReactNativeSpec (= 0.64.1)
    - RCT-Folly (= 2020.01.13.00)
    - React-Core/RCTVibrationHeaders (= 0.64.1)
    - React-jsi (= 0.64.1)
    - ReactCommon/turbomodule/core (= 0.64.1)
  - React-runtimeexecutor (0.64.1):
    - React-jsi (= 0.64.1)
  - ReactCommon/turbomodule/core (0.64.1):
    - DoubleConversion
    - glog
    - RCT-Folly (= 2020.01.13.00)
    - React-callinvoker (= 0.64.1)
    - React-Core (= 0.64.1)
    - React-cxxreact (= 0.64.1)
    - React-jsi (= 0.64.1)
    - React-perflogger (= 0.64.1)
  - RNCMaskedView (0.1.11):
    - React
  - RNFS (2.18.0):
    - React
  - RNGestureHandler (1.10.3):
    - React-Core
  - RNReanimated (2.2.0):
    - DoubleConversion
    - FBLazyVector
    - FBReactNativeSpec
    - glog
    - RCT-Folly
    - RCTRequired
    - RCTTypeSafety
    - React
    - React-callinvoker
    - React-Core
    - React-Core/DevSupport
    - React-Core/RCTWebSocket
    - React-CoreModules
    - React-cxxreact
    - React-jsi
    - React-jsiexecutor
    - React-jsinspector
    - React-RCTActionSheet
    - React-RCTAnimation
    - React-RCTBlob
    - React-RCTImage
    - React-RCTLinking
    - React-RCTNetwork
    - React-RCTSettings
    - React-RCTText
    - React-RCTVibration
    - ReactCommon/turbomodule/core
    - Yoga
  - RNScreens (3.3.0):
    - React-Core
    - React-RCTImage
  - Yoga (1.14.0)
  - YogaKit (1.18.1):
    - Yoga (~> 1.14)

DEPENDENCIES:
  - DoubleConversion (from `../node_modules/react-native/third-party-podspecs/DoubleConversion.podspec`)
  - FBLazyVector (from `../node_modules/react-native/Libraries/FBLazyVector`)
  - FBReactNativeSpec (from `../node_modules/react-native/React/FBReactNativeSpec`)
  - Flipper (= 0.87.0)
  - Flipper-DoubleConversion (= 1.1.7)
  - Flipper-Folly (= 2.5.3)
  - Flipper-Glog (= 0.3.6)
  - Flipper-PeerTalk (~> 0.0.4)
  - Flipper-RSocket (= 1.3.1)
  - FlipperKit (= 0.87.0)
  - FlipperKit/Core (= 0.87.0)
  - FlipperKit/CppBridge (= 0.87.0)
  - FlipperKit/FBCxxFollyDynamicConvert (= 0.87.0)
  - FlipperKit/FBDefines (= 0.87.0)
  - FlipperKit/FKPortForwarding (= 0.87.0)
  - FlipperKit/FlipperKitHighlightOverlay (= 0.87.0)
  - FlipperKit/FlipperKitLayoutPlugin (= 0.87.0)
  - FlipperKit/FlipperKitLayoutTextSearchable (= 0.87.0)
  - FlipperKit/FlipperKitNetworkPlugin (= 0.87.0)
  - FlipperKit/FlipperKitReactPlugin (= 0.87.0)
  - FlipperKit/FlipperKitUserDefaultsPlugin (= 0.87.0)
  - FlipperKit/SKIOSNetworkPlugin (= 0.87.0)
  - glog (from `../node_modules/react-native/third-party-podspecs/glog.podspec`)
  - hermes-engine (~> 0.7.2)
  - libevent (~> 2.1.12)
  - RCT-Folly (from `../node_modules/react-native/third-party-podspecs/RCT-Folly.podspec`)
  - RCTRequired (from `../node_modules/react-native/Libraries/RCTRequired`)
  - RCTTypeSafety (from `../node_modules/react-native/Libraries/TypeSafety`)
  - React (from `../node_modules/react-native/`)
  - React-callinvoker (from `../node_modules/react-native/ReactCommon/callinvoker`)
  - React-Core (from `../node_modules/react-native/`)
  - React-Core/DevSupport (from `../node_modules/react-native/`)
  - React-Core/Hermes (from `../node_modules/react-native/`)
  - React-Core/RCTWebSocket (from `../node_modules/react-native/`)
  - React-CoreModules (from `../node_modules/react-native/React/CoreModules`)
  - React-cxxreact (from `../node_modules/react-native/ReactCommon/cxxreact`)
  - React-jsi (from `../node_modules/react-native/ReactCommon/jsi`)
  - React-jsiexecutor (from `../node_modules/react-native/ReactCommon/jsiexecutor`)
  - React-jsinspector (from `../node_modules/react-native/ReactCommon/jsinspector`)
  - react-native-background-upload (from `../node_modules/react-native-background-upload`)
  - react-native-compressor (from `../..`)
  - react-native-create-thumbnail (from `../node_modules/react-native-create-thumbnail`)
  - react-native-document-picker (from `../node_modules/react-native-document-picker`)
  - react-native-get-random-values (from `../node_modules/react-native-get-random-values`)
  - react-native-image-picker (from `../node_modules/react-native-image-picker`)
  - react-native-safe-area-context (from `../node_modules/react-native-safe-area-context`)
  - React-perflogger (from `../node_modules/react-native/ReactCommon/reactperflogger`)
  - React-RCTActionSheet (from `../node_modules/react-native/Libraries/ActionSheetIOS`)
  - React-RCTAnimation (from `../node_modules/react-native/Libraries/NativeAnimation`)
  - React-RCTBlob (from `../node_modules/react-native/Libraries/Blob`)
  - React-RCTImage (from `../node_modules/react-native/Libraries/Image`)
  - React-RCTLinking (from `../node_modules/react-native/Libraries/LinkingIOS`)
  - React-RCTNetwork (from `../node_modules/react-native/Libraries/Network`)
  - React-RCTSettings (from `../node_modules/react-native/Libraries/Settings`)
  - React-RCTText (from `../node_modules/react-native/Libraries/Text`)
  - React-RCTVibration (from `../node_modules/react-native/Libraries/Vibration`)
  - React-runtimeexecutor (from `../node_modules/react-native/ReactCommon/runtimeexecutor`)
  - ReactCommon/turbomodule/core (from `../node_modules/react-native/ReactCommon`)
  - "RNCMaskedView (from `../node_modules/@react-native-community/masked-view`)"
  - RNFS (from `../node_modules/react-native-fs`)
  - RNGestureHandler (from `../node_modules/react-native-gesture-handler`)
  - RNReanimated (from `../node_modules/react-native-reanimated`)
  - RNScreens (from `../node_modules/react-native-screens`)
  - Yoga (from `../node_modules/react-native/ReactCommon/yoga`)

SPEC REPOS:
  trunk:
    - boost-for-react-native
    - CocoaAsyncSocket
    - Flipper
    - Flipper-DoubleConversion
    - Flipper-Folly
    - Flipper-Glog
    - Flipper-PeerTalk
    - Flipper-RSocket
    - FlipperKit
    - hermes-engine
    - libevent
    - NextLevelSessionExporter
    - OpenSSL-Universal
    - YogaKit

EXTERNAL SOURCES:
  DoubleConversion:
    :podspec: "../node_modules/react-native/third-party-podspecs/DoubleConversion.podspec"
  FBLazyVector:
    :path: "../node_modules/react-native/Libraries/FBLazyVector"
  FBReactNativeSpec:
    :path: "../node_modules/react-native/React/FBReactNativeSpec"
  glog:
    :podspec: "../node_modules/react-native/third-party-podspecs/glog.podspec"
  RCT-Folly:
    :podspec: "../node_modules/react-native/third-party-podspecs/RCT-Folly.podspec"
  RCTRequired:
    :path: "../node_modules/react-native/Libraries/RCTRequired"
  RCTTypeSafety:
    :path: "../node_modules/react-native/Libraries/TypeSafety"
  React:
    :path: "../node_modules/react-native/"
  React-callinvoker:
    :path: "../node_modules/react-native/ReactCommon/callinvoker"
  React-Core:
    :path: "../node_modules/react-native/"
  React-CoreModules:
    :path: "../node_modules/react-native/React/CoreModules"
  React-cxxreact:
    :path: "../node_modules/react-native/ReactCommon/cxxreact"
  React-jsi:
    :path: "../node_modules/react-native/ReactCommon/jsi"
  React-jsiexecutor:
    :path: "../node_modules/react-native/ReactCommon/jsiexecutor"
  React-jsinspector:
    :path: "../node_modules/react-native/ReactCommon/jsinspector"
  react-native-background-upload:
    :path: "../node_modules/react-native-background-upload"
  react-native-compressor:
    :path: "../.."
  react-native-create-thumbnail:
    :path: "../node_modules/react-native-create-thumbnail"
  react-native-document-picker:
    :path: "../node_modules/react-native-document-picker"
  react-native-get-random-values:
    :path: "../node_modules/react-native-get-random-values"
  react-native-image-picker:
    :path: "../node_modules/react-native-image-picker"
  react-native-safe-area-context:
    :path: "../node_modules/react-native-safe-area-context"
  React-perflogger:
    :path: "../node_modules/react-native/ReactCommon/reactperflogger"
  React-RCTActionSheet:
    :path: "../node_modules/react-native/Libraries/ActionSheetIOS"
  React-RCTAnimation:
    :path: "../node_modules/react-native/Libraries/NativeAnimation"
  React-RCTBlob:
    :path: "../node_modules/react-native/Libraries/Blob"
  React-RCTImage:
    :path: "../node_modules/react-native/Libraries/Image"
  React-RCTLinking:
    :path: "../node_modules/react-native/Libraries/LinkingIOS"
  React-RCTNetwork:
    :path: "../node_modules/react-native/Libraries/Network"
  React-RCTSettings:
    :path: "../node_modules/react-native/Libraries/Settings"
  React-RCTText:
    :path: "../node_modules/react-native/Libraries/Text"
  React-RCTVibration:
    :path: "../node_modules/react-native/Libraries/Vibration"
  React-runtimeexecutor:
    :path: "../node_modules/react-native/ReactCommon/runtimeexecutor"
  ReactCommon:
    :path: "../node_modules/react-native/ReactCommon"
  RNCMaskedView:
    :path: "../node_modules/@react-native-community/masked-view"
  RNFS:
    :path: "../node_modules/react-native-fs"
  RNGestureHandler:
    :path: "../node_modules/react-native-gesture-handler"
  RNReanimated:
    :path: "../node_modules/react-native-reanimated"
  RNScreens:
    :path: "../node_modules/react-native-screens"
  Yoga:
    :path: "../node_modules/react-native/ReactCommon/yoga"

SPEC CHECKSUMS:
  boost-for-react-native: 39c7adb57c4e60d6c5479dd8623128eb5b3f0f2c
  CocoaAsyncSocket: 065fd1e645c7abab64f7a6a2007a48038fdc6a99
  DoubleConversion: cf9b38bf0b2d048436d9a82ad2abe1404f11e7de
  FBLazyVector: 7b423f9e248eae65987838148c36eec1dbfe0b53
  FBReactNativeSpec: b8c5987a133373c37c9e35be596aa51df4df43d1
  Flipper: 1bd2db48dcc31e4b167b9a33ec1df01c2ded4893
  Flipper-DoubleConversion: 38631e41ef4f9b12861c67d17cb5518d06badc41
  Flipper-Folly: 755929a4f851b2fb2c347d533a23f191b008554c
  Flipper-Glog: 1dfd6abf1e922806c52ceb8701a3599a79a200a6
  Flipper-PeerTalk: 116d8f857dc6ef55c7a5a75ea3ceaafe878aadc9
  Flipper-RSocket: 127954abe8b162fcaf68d2134d34dc2bd7076154
  FlipperKit: 651f50a42eb95c01b3e89a60996dd6aded529eeb
  glog: 73c2498ac6884b13ede40eda8228cb1eee9d9d62
  hermes-engine: 7d97ba46a1e29bacf3e3c61ecb2804a5ddd02d4f
  libevent: 4049cae6c81cdb3654a443be001fb9bdceff7913
  NextLevelSessionExporter: 4d8aa5e617f1c709724f2453efe5d4628480f65a
  OpenSSL-Universal: 1aa4f6a6ee7256b83db99ec1ccdaa80d10f9af9b
<<<<<<< HEAD
  RCT-Folly: ec7a233ccc97cc556cf7237f0db1ff65b986f27c
  RCTRequired: ec2ebc96b7bfba3ca5c32740f5a0c6a014a274d2
  RCTTypeSafety: 22567f31e67c3e088c7ac23ea46ab6d4779c0ea5
  React: a241e3dbb1e91d06332f1dbd2b3ab26e1a4c4b9d
  React-callinvoker: da4d1c6141696a00163960906bc8a55b985e4ce4
  React-Core: 46ba164c437d7dac607b470c83c8308b05799748
  React-CoreModules: 217bd14904491c7b9940ff8b34a3fe08013c2f14
  React-cxxreact: 0090588ae6660c4615d3629fdd5c768d0983add4
  React-jsi: 5de8204706bd872b78ea646aee5d2561ca1214b6
  React-jsiexecutor: 124e8f99992490d0d13e0649d950d3e1aae06fe9
  React-jsinspector: 500a59626037be5b3b3d89c5151bc3baa9abf1a9
  react-native-background-upload: b85fac36cfee561c8b3a282e5700e50dc98249c5
  react-native-compressor: 7498a4fe615d741ea2813c54d0737264738b33e8
  react-native-create-thumbnail: d31c84dd69fb4d60aec0ff2f49bc0de41ede7b2c
  react-native-document-picker: 1a7518132d4a06b67f459be9bb1464a567d2b3b4
  react-native-image-picker: 474cf2c33c2b6671da53d293a16c97995f0aec15
  react-native-safe-area-context: f0906bf8bc9835ac9a9d3f97e8bde2a997d8da79
  React-perflogger: aad6d4b4a267936b3667260d1f649b6f6069a675
  React-RCTActionSheet: fc376be462c9c8d6ad82c0905442fd77f82a9d2a
  React-RCTAnimation: ba0a1c3a2738be224a08092fa7f1b444ab77d309
  React-RCTBlob: f758d4403fc5828a326dc69e27b41e1a92f34947
  React-RCTImage: ce57088705f4a8d03f6594b066a59c29143ba73e
  React-RCTLinking: 852a3a95c65fa63f657a4b4e2d3d83a815e00a7c
  React-RCTNetwork: 9d7ccb8a08d522d71700b4fb677d9fa28cccd118
  React-RCTSettings: d8aaf4389ff06114dee8c42ef5f0f2915946011e
  React-RCTText: 809c12ed6b261796ba056c04fcd20d8b90bcc81d
  React-RCTVibration: 4b99a7f5c6c0abbc5256410cc5425fb8531986e1
  React-runtimeexecutor: ff951a0c241bfaefc4940a3f1f1a229e7cb32fa6
  ReactCommon: bedc99ed4dae329c4fcf128d0c31b9115e5365ca
=======
  RCT-Folly: a21c126816d8025b547704b777a2ba552f3d9fa9
  RCTRequired: 3cc065b52aa18db729268b9bd78a2feffb4d0f91
  RCTTypeSafety: 3c4fc37d5dea452d2ef17324db5504ec2f05083a
  React: 4a00720816c52a213424442954acb7e4b724804a
  React-callinvoker: 911fc6570538f3bb5c61edf9dc907c1beb4355bf
  React-Core: e134d3a5d7b2a1a731589be776e20dbb14868f27
  React-CoreModules: 2f8588b2aa47e7fef27125c8eaaabda963b3ac62
  React-cxxreact: 8f1382538cad0cc8b8eafca6d66268828e353bea
  React-hermes: 503642bd7704c60dcd1385c2da9607eac5260077
  React-jsi: 9fe1854d2c0486216acebd5db3c38b4ccb23ca0b
  React-jsiexecutor: db2f6e22a534d466fc0e34e622df47d9d20bab2f
  React-jsinspector: 8c0517dee5e8c70cd6c3066f20213ff7ce54f176
  React-logger: bfddd3418dc1d45b77b822958f3e31422e2c179b
  react-native-background-upload: 994d4e8abbcc1d0b0cff68d950429906ed68ca67
<<<<<<< HEAD
  react-native-compressor: 2b0f75c5e887830955b32e0ddf22ef2efe0f179e
=======
  react-native-compressor: 3eb2118dc1da59c134cdffa721e0b76486d7a404
>>>>>>> bfc3da3... fix: getRandomValues error due to uuid
  react-native-create-thumbnail: d31c84dd69fb4d60aec0ff2f49bc0de41ede7b2c
  react-native-document-picker: 226068006be4c52f8ef7f32d855ee025a12e9e64
  react-native-get-random-values: 2c4ff6b44cb71291dabe9a8ae87d3877dcf387da
  react-native-image-picker: 9c8a2687b69300ad9e95cec5d38f35ab9d32467d
  react-native-safe-area-context: 584dc04881deb49474363f3be89e4ca0e854c057
  React-perflogger: fcac6090a80e3d967791b4c7f1b1a017f9d4a398
  React-RCTActionSheet: caf5913d9f9e605f5467206cf9d1caa6d47d7ad6
  React-RCTAnimation: 6539e3bf594f6a529cd861985ba6548286ae1ead
  React-RCTBlob: 6e2e999d28b15fd03ed533f164ce33e0fcde571a
  React-RCTImage: c6bbb10eedb6b840c4474f2108b864173b83de15
  React-RCTLinking: 8fda9bb8fdb104e78110a903a9a77754318c7d11
  React-RCTNetwork: 2b26daad93830501cf14aab03eac04e304f942d3
  React-RCTSettings: 89c0dcee7adb706c749383596f57c1e882a27843
  React-RCTText: 71734fce8e6cb854daeb4a5eec182c303ea58473
  React-RCTVibration: 6600b5eed7c0fda4a433fa1198d1cb2690151791
  React-runtimeexecutor: 33a949a51bec5f8a3c9e8d8092deb259600d761e
  ReactCommon: 620442811dc6f707b4bf5e3b27d4f19c12d5a821
>>>>>>> e12330f... feat: add minimumFileSizeForCompress for customize minimum video file to compress
  RNCMaskedView: 0e1bc4bfa8365eba5fbbb71e07fbdc0555249489
  RNFS: 3ab21fa6c56d65566d1fb26c2228e2b6132e5e32
  RNGestureHandler: a479ebd5ed4221a810967000735517df0d2db211
  RNReanimated: 9c13c86454bfd54dab7505c1a054470bfecd2563
  RNScreens: bf59f17fbf001f1025243eeed5f19419d3c11ef2
  Yoga: a7de31c64fe738607e7a3803e3f591a4b1df7393
  YogaKit: f782866e155069a2cca2517aafea43200b01fd5a

PODFILE CHECKSUM: bb749eb87ce9dffa35f38e2685495d067b557e5f

<<<<<<< HEAD
COCOAPODS: 1.11.0
=======
COCOAPODS: 1.11.2
>>>>>>> bfc3da3... fix: getRandomValues error due to uuid
